
Microsoft Visual Studio Solution File, Format Version 12.00
# Visual Studio Version 17
VisualStudioVersion = 17.4.33110.190
MinimumVisualStudioVersion = 10.0.40219.1
Project("{FAE04EC0-301F-11D3-BF4B-00C04F79EFBC}") = "ToDoCompany", "ToDoCompany\ToDoCompany.csproj", "{2E83FFDA-DF48-494F-BCE9-70737DFA3765}"
EndProject
Project("{FAE04EC0-301F-11D3-BF4B-00C04F79EFBC}") = "ToDoCompany.Core", "ToDoCompany.Core\ToDoCompany.Core.csproj", "{2580C141-2A26-49D6-8126-07D068C1DFDC}"
EndProject
Project("{FAE04EC0-301F-11D3-BF4B-00C04F79EFBC}") = "ToDoCompany.Model", "ToDoCompany.Model\ToDoCompany.Model.csproj", "{0FA8A2B1-2D89-4668-A8FD-962E49FD6215}"
EndProject
Project("{FAE04EC0-301F-11D3-BF4B-00C04F79EFBC}") = "ToDoCompany.Repository", "ToDoCompany.Repository\ToDoCompany.Repository.csproj", "{21399D19-9B8F-477E-91B5-9D211403984E}"
EndProject
Project("{FAE04EC0-301F-11D3-BF4B-00C04F79EFBC}") = "ToDoCompany.Service", "ToDoCompany.Service\ToDoCompany.Service.csproj", "{A9FFA3BD-1DEE-45D5-9DFF-4A750E722C62}"
EndProject
Global
	GlobalSection(SolutionConfigurationPlatforms) = preSolution
		Debug|Any CPU = Debug|Any CPU
		Release|Any CPU = Release|Any CPU
	EndGlobalSection
	GlobalSection(ProjectConfigurationPlatforms) = postSolution
		{2E83FFDA-DF48-494F-BCE9-70737DFA3765}.Debug|Any CPU.ActiveCfg = Debug|Any CPU
		{2E83FFDA-DF48-494F-BCE9-70737DFA3765}.Debug|Any CPU.Build.0 = Debug|Any CPU
		{2E83FFDA-DF48-494F-BCE9-70737DFA3765}.Release|Any CPU.ActiveCfg = Release|Any CPU
		{2E83FFDA-DF48-494F-BCE9-70737DFA3765}.Release|Any CPU.Build.0 = Release|Any CPU
		{2580C141-2A26-49D6-8126-07D068C1DFDC}.Debug|Any CPU.ActiveCfg = Debug|Any CPU
		{2580C141-2A26-49D6-8126-07D068C1DFDC}.Debug|Any CPU.Build.0 = Debug|Any CPU
		{2580C141-2A26-49D6-8126-07D068C1DFDC}.Release|Any CPU.ActiveCfg = Release|Any CPU
		{2580C141-2A26-49D6-8126-07D068C1DFDC}.Release|Any CPU.Build.0 = Release|Any CPU
		{0FA8A2B1-2D89-4668-A8FD-962E49FD6215}.Debug|Any CPU.ActiveCfg = Debug|Any CPU
		{0FA8A2B1-2D89-4668-A8FD-962E49FD6215}.Debug|Any CPU.Build.0 = Debug|Any CPU
		{0FA8A2B1-2D89-4668-A8FD-962E49FD6215}.Release|Any CPU.ActiveCfg = Release|Any CPU
		{0FA8A2B1-2D89-4668-A8FD-962E49FD6215}.Release|Any CPU.Build.0 = Release|Any CPU
		{21399D19-9B8F-477E-91B5-9D211403984E}.Debug|Any CPU.ActiveCfg = Debug|Any CPU
		{21399D19-9B8F-477E-91B5-9D211403984E}.Debug|Any CPU.Build.0 = Debug|Any CPU
		{21399D19-9B8F-477E-91B5-9D211403984E}.Release|Any CPU.ActiveCfg = Release|Any CPU
		{21399D19-9B8F-477E-91B5-9D211403984E}.Release|Any CPU.Build.0 = Release|Any CPU
		{A9FFA3BD-1DEE-45D5-9DFF-4A750E722C62}.Debug|Any CPU.ActiveCfg = Debug|Any CPU
		{A9FFA3BD-1DEE-45D5-9DFF-4A750E722C62}.Debug|Any CPU.Build.0 = Debug|Any CPU
		{A9FFA3BD-1DEE-45D5-9DFF-4A750E722C62}.Release|Any CPU.ActiveCfg = Release|Any CPU
		{A9FFA3BD-1DEE-45D5-9DFF-4A750E722C62}.Release|Any CPU.Build.0 = Release|Any CPU
	EndGlobalSection
	GlobalSection(SolutionProperties) = preSolution
		HideSolutionNode = FALSE
	EndGlobalSection
	GlobalSection(ExtensibilityGlobals) = postSolution
		SolutionGuid = {4A54289A-7B3B-4541-A8E1-1DD2EA5F8463}
	EndGlobalSection
EndGlobal
